// !$*UTF8*$!
{
	archiveVersion = 1;
	classes = {
	};
	objectVersion = 50;
	objects = {

/* Begin PBXBuildFile section */
		CD8CDE3221A9F1680019A44E /* LocalStorage.swift in Sources */ = {isa = PBXBuildFile; fileRef = CD8CDE3121A9F1680019A44E /* LocalStorage.swift */; };
		CD8CDE3621AA0CF70019A44E /* LocalStorageTests.swift in Sources */ = {isa = PBXBuildFile; fileRef = CD8CDE3521AA0CF70019A44E /* LocalStorageTests.swift */; };
		CD8CDE3A21AA0F500019A44E /* NetworkManagerTests.swift in Sources */ = {isa = PBXBuildFile; fileRef = CD8CDE3921AA0F500019A44E /* NetworkManagerTests.swift */; };
		CDD9990621A931E1009536A0 /* AppDelegate.swift in Sources */ = {isa = PBXBuildFile; fileRef = CDD9990521A931E1009536A0 /* AppDelegate.swift */; };
		CDD9990821A931E1009536A0 /* RickAndMortyViewController.swift in Sources */ = {isa = PBXBuildFile; fileRef = CDD9990721A931E1009536A0 /* RickAndMortyViewController.swift */; };
		CDD9990A21A931E1009536A0 /* FavoritesViewController.swift in Sources */ = {isa = PBXBuildFile; fileRef = CDD9990921A931E1009536A0 /* FavoritesViewController.swift */; };
		CDD9990D21A931E1009536A0 /* Main.storyboard in Resources */ = {isa = PBXBuildFile; fileRef = CDD9990B21A931E1009536A0 /* Main.storyboard */; };
		CDD9990F21A931E1009536A0 /* Assets.xcassets in Resources */ = {isa = PBXBuildFile; fileRef = CDD9990E21A931E1009536A0 /* Assets.xcassets */; };
		CDD9991221A931E1009536A0 /* LaunchScreen.storyboard in Resources */ = {isa = PBXBuildFile; fileRef = CDD9991021A931E1009536A0 /* LaunchScreen.storyboard */; };
		CDD9991D21A93423009536A0 /* CharacterTableViewCell.swift in Sources */ = {isa = PBXBuildFile; fileRef = CDD9991B21A93423009536A0 /* CharacterTableViewCell.swift */; };
		CDD9992621A934BA009536A0 /* rnm_challengeTests.swift in Sources */ = {isa = PBXBuildFile; fileRef = CDD9992521A934BA009536A0 /* rnm_challengeTests.swift */; };
		CDD9992F21A934E1009536A0 /* characters.js in Resources */ = {isa = PBXBuildFile; fileRef = CDD9992E21A934E1009536A0 /* characters.js */; };
		CDD9993121A93512009536A0 /* character.js in Resources */ = {isa = PBXBuildFile; fileRef = CDD9993021A93512009536A0 /* character.js */; };
		CDD9993421A93544009536A0 /* AnimatedCharacter.swift in Sources */ = {isa = PBXBuildFile; fileRef = CDD9993321A93544009536A0 /* AnimatedCharacter.swift */; };
		CDD9993621A93A16009536A0 /* Location.swift in Sources */ = {isa = PBXBuildFile; fileRef = CDD9993521A93A16009536A0 /* Location.swift */; };
		CDD9993921A93B24009536A0 /* AnimatedCharacterTests.swift in Sources */ = {isa = PBXBuildFile; fileRef = CDD9993821A93B24009536A0 /* AnimatedCharacterTests.swift */; };
		CDD9993B21A93E1A009536A0 /* NetworkObject.swift in Sources */ = {isa = PBXBuildFile; fileRef = CDD9993A21A93E1A009536A0 /* NetworkObject.swift */; };
		CDD9993D21A94171009536A0 /* Info.swift in Sources */ = {isa = PBXBuildFile; fileRef = CDD9993C21A94171009536A0 /* Info.swift */; };
		CDD9993F21A942CD009536A0 /* Err.swift in Sources */ = {isa = PBXBuildFile; fileRef = CDD9993E21A942CD009536A0 /* Err.swift */; };
		CDD9994221A94845009536A0 /* UrlConstants.swift in Sources */ = {isa = PBXBuildFile; fileRef = CDD9994121A94845009536A0 /* UrlConstants.swift */; };
		CDD9994421A94C9A009536A0 /* NetworkManager.swift in Sources */ = {isa = PBXBuildFile; fileRef = CDD9994321A94C9A009536A0 /* NetworkManager.swift */; };
		CDD9994721A950D5009536A0 /* UIImageView.swift in Sources */ = {isa = PBXBuildFile; fileRef = CDD9994621A950D5009536A0 /* UIImageView.swift */; };
		CDD9994A21A95471009536A0 /* CharactersTableViewController.swift in Sources */ = {isa = PBXBuildFile; fileRef = CDD9994921A95471009536A0 /* CharactersTableViewController.swift */; };
		CDD9994C21A95E94009536A0 /* CharacterCellViewModel.swift in Sources */ = {isa = PBXBuildFile; fileRef = CDD9994B21A95E94009536A0 /* CharacterCellViewModel.swift */; };
		CDD9994E21A95ED0009536A0 /* CharacterProtocol.swift in Sources */ = {isa = PBXBuildFile; fileRef = CDD9994D21A95ED0009536A0 /* CharacterProtocol.swift */; };
		CDD9995421A964C0009536A0 /* UITableView.swift in Sources */ = {isa = PBXBuildFile; fileRef = CDD9995321A964C0009536A0 /* UITableView.swift */; };
		CDD9995821A9665A009536A0 /* CharacterTableViewCell.xib in Resources */ = {isa = PBXBuildFile; fileRef = CDD9995721A9665A009536A0 /* CharacterTableViewCell.xib */; };
		CDD9995D21A99817009536A0 /* CharacterViewController.swift in Sources */ = {isa = PBXBuildFile; fileRef = CDD9995C21A99817009536A0 /* CharacterViewController.swift */; };
		CDD9995F21A99A42009536A0 /* NavigationManager.swift in Sources */ = {isa = PBXBuildFile; fileRef = CDD9995E21A99A42009536A0 /* NavigationManager.swift */; };
		CDD9996321A9A00B009536A0 /* CharacterViewModel.swift in Sources */ = {isa = PBXBuildFile; fileRef = CDD9996221A9A00B009536A0 /* CharacterViewModel.swift */; };
		CDD9996521A9ACCA009536A0 /* LocationTests.swift in Sources */ = {isa = PBXBuildFile; fileRef = CDD9996421A9ACCA009536A0 /* LocationTests.swift */; };
		CDD9996721A9ACEE009536A0 /* locations.js in Resources */ = {isa = PBXBuildFile; fileRef = CDD9996621A9ACEE009536A0 /* locations.js */; };
		CDD9996C21A9B2F6009536A0 /* LocationViewController.swift in Sources */ = {isa = PBXBuildFile; fileRef = CDD9996B21A9B2F6009536A0 /* LocationViewController.swift */; };
		CDD9996E21A9B303009536A0 /* LocationViewModel.swift in Sources */ = {isa = PBXBuildFile; fileRef = CDD9996D21A9B303009536A0 /* LocationViewModel.swift */; };
		CDD9997021A9B401009536A0 /* LocationProtocol.swift in Sources */ = {isa = PBXBuildFile; fileRef = CDD9996F21A9B401009536A0 /* LocationProtocol.swift */; };
		CDD9997221A9C861009536A0 /* CharactersViewModel.swift in Sources */ = {isa = PBXBuildFile; fileRef = CDD9997121A9C861009536A0 /* CharactersViewModel.swift */; };
		CDD9997421A9C883009536A0 /* CharactersProtocol.swift in Sources */ = {isa = PBXBuildFile; fileRef = CDD9997321A9C883009536A0 /* CharactersProtocol.swift */; };
/* End PBXBuildFile section */

/* Begin PBXContainerItemProxy section */
		CDD9992821A934BA009536A0 /* PBXContainerItemProxy */ = {
			isa = PBXContainerItemProxy;
			containerPortal = CDD998FA21A931E1009536A0 /* Project object */;
			proxyType = 1;
			remoteGlobalIDString = CDD9990121A931E1009536A0;
			remoteInfo = rnm_challenge;
		};
/* End PBXContainerItemProxy section */

/* Begin PBXFileReference section */
		CD8CDE3121A9F1680019A44E /* LocalStorage.swift */ = {isa = PBXFileReference; lastKnownFileType = sourcecode.swift; path = LocalStorage.swift; sourceTree = "<group>"; };
		CD8CDE3521AA0CF70019A44E /* LocalStorageTests.swift */ = {isa = PBXFileReference; lastKnownFileType = sourcecode.swift; path = LocalStorageTests.swift; sourceTree = "<group>"; };
		CD8CDE3921AA0F500019A44E /* NetworkManagerTests.swift */ = {isa = PBXFileReference; lastKnownFileType = sourcecode.swift; path = NetworkManagerTests.swift; sourceTree = "<group>"; };
		CDD9990221A931E1009536A0 /* rnm_challenge.app */ = {isa = PBXFileReference; explicitFileType = wrapper.application; includeInIndex = 0; path = rnm_challenge.app; sourceTree = BUILT_PRODUCTS_DIR; };
		CDD9990521A931E1009536A0 /* AppDelegate.swift */ = {isa = PBXFileReference; lastKnownFileType = sourcecode.swift; path = AppDelegate.swift; sourceTree = "<group>"; };
		CDD9990721A931E1009536A0 /* RickAndMortyViewController.swift */ = {isa = PBXFileReference; lastKnownFileType = sourcecode.swift; path = RickAndMortyViewController.swift; sourceTree = "<group>"; };
		CDD9990921A931E1009536A0 /* FavoritesViewController.swift */ = {isa = PBXFileReference; lastKnownFileType = sourcecode.swift; path = FavoritesViewController.swift; sourceTree = "<group>"; };
		CDD9990C21A931E1009536A0 /* Base */ = {isa = PBXFileReference; lastKnownFileType = file.storyboard; name = Base; path = Base.lproj/Main.storyboard; sourceTree = "<group>"; };
		CDD9990E21A931E1009536A0 /* Assets.xcassets */ = {isa = PBXFileReference; lastKnownFileType = folder.assetcatalog; path = Assets.xcassets; sourceTree = "<group>"; };
		CDD9991121A931E1009536A0 /* Base */ = {isa = PBXFileReference; lastKnownFileType = file.storyboard; name = Base; path = Base.lproj/LaunchScreen.storyboard; sourceTree = "<group>"; };
		CDD9991321A931E1009536A0 /* Info.plist */ = {isa = PBXFileReference; lastKnownFileType = text.plist.xml; path = Info.plist; sourceTree = "<group>"; };
		CDD9991B21A93423009536A0 /* CharacterTableViewCell.swift */ = {isa = PBXFileReference; lastKnownFileType = sourcecode.swift; path = CharacterTableViewCell.swift; sourceTree = "<group>"; };
		CDD9992321A934BA009536A0 /* rnm_challengeTests.xctest */ = {isa = PBXFileReference; explicitFileType = wrapper.cfbundle; includeInIndex = 0; path = rnm_challengeTests.xctest; sourceTree = BUILT_PRODUCTS_DIR; };
		CDD9992521A934BA009536A0 /* rnm_challengeTests.swift */ = {isa = PBXFileReference; lastKnownFileType = sourcecode.swift; path = rnm_challengeTests.swift; sourceTree = "<group>"; };
		CDD9992721A934BA009536A0 /* Info.plist */ = {isa = PBXFileReference; lastKnownFileType = text.plist.xml; path = Info.plist; sourceTree = "<group>"; };
		CDD9992E21A934E1009536A0 /* characters.js */ = {isa = PBXFileReference; lastKnownFileType = sourcecode.javascript; path = characters.js; sourceTree = "<group>"; };
		CDD9993021A93512009536A0 /* character.js */ = {isa = PBXFileReference; lastKnownFileType = sourcecode.javascript; path = character.js; sourceTree = "<group>"; };
		CDD9993321A93544009536A0 /* AnimatedCharacter.swift */ = {isa = PBXFileReference; lastKnownFileType = sourcecode.swift; path = AnimatedCharacter.swift; sourceTree = "<group>"; };
		CDD9993521A93A16009536A0 /* Location.swift */ = {isa = PBXFileReference; lastKnownFileType = sourcecode.swift; path = Location.swift; sourceTree = "<group>"; };
		CDD9993821A93B24009536A0 /* AnimatedCharacterTests.swift */ = {isa = PBXFileReference; lastKnownFileType = sourcecode.swift; path = AnimatedCharacterTests.swift; sourceTree = "<group>"; };
		CDD9993A21A93E1A009536A0 /* NetworkObject.swift */ = {isa = PBXFileReference; lastKnownFileType = sourcecode.swift; path = NetworkObject.swift; sourceTree = "<group>"; };
		CDD9993C21A94171009536A0 /* Info.swift */ = {isa = PBXFileReference; lastKnownFileType = sourcecode.swift; path = Info.swift; sourceTree = "<group>"; };
		CDD9993E21A942CD009536A0 /* Err.swift */ = {isa = PBXFileReference; lastKnownFileType = sourcecode.swift; path = Err.swift; sourceTree = "<group>"; };
		CDD9994121A94845009536A0 /* UrlConstants.swift */ = {isa = PBXFileReference; lastKnownFileType = sourcecode.swift; path = UrlConstants.swift; sourceTree = "<group>"; };
		CDD9994321A94C9A009536A0 /* NetworkManager.swift */ = {isa = PBXFileReference; lastKnownFileType = sourcecode.swift; path = NetworkManager.swift; sourceTree = "<group>"; };
		CDD9994621A950D5009536A0 /* UIImageView.swift */ = {isa = PBXFileReference; lastKnownFileType = sourcecode.swift; path = UIImageView.swift; sourceTree = "<group>"; };
		CDD9994921A95471009536A0 /* CharactersTableViewController.swift */ = {isa = PBXFileReference; lastKnownFileType = sourcecode.swift; path = CharactersTableViewController.swift; sourceTree = "<group>"; };
		CDD9994B21A95E94009536A0 /* CharacterCellViewModel.swift */ = {isa = PBXFileReference; lastKnownFileType = sourcecode.swift; path = CharacterCellViewModel.swift; sourceTree = "<group>"; };
		CDD9994D21A95ED0009536A0 /* CharacterProtocol.swift */ = {isa = PBXFileReference; lastKnownFileType = sourcecode.swift; path = CharacterProtocol.swift; sourceTree = "<group>"; };
		CDD9995321A964C0009536A0 /* UITableView.swift */ = {isa = PBXFileReference; lastKnownFileType = sourcecode.swift; path = UITableView.swift; sourceTree = "<group>"; };
		CDD9995721A9665A009536A0 /* CharacterTableViewCell.xib */ = {isa = PBXFileReference; lastKnownFileType = file.xib; path = CharacterTableViewCell.xib; sourceTree = "<group>"; };
		CDD9995C21A99817009536A0 /* CharacterViewController.swift */ = {isa = PBXFileReference; lastKnownFileType = sourcecode.swift; path = CharacterViewController.swift; sourceTree = "<group>"; };
		CDD9995E21A99A42009536A0 /* NavigationManager.swift */ = {isa = PBXFileReference; lastKnownFileType = sourcecode.swift; path = NavigationManager.swift; sourceTree = "<group>"; };
		CDD9996221A9A00B009536A0 /* CharacterViewModel.swift */ = {isa = PBXFileReference; lastKnownFileType = sourcecode.swift; path = CharacterViewModel.swift; sourceTree = "<group>"; };
		CDD9996421A9ACCA009536A0 /* LocationTests.swift */ = {isa = PBXFileReference; lastKnownFileType = sourcecode.swift; path = LocationTests.swift; sourceTree = "<group>"; };
		CDD9996621A9ACEE009536A0 /* locations.js */ = {isa = PBXFileReference; lastKnownFileType = sourcecode.javascript; path = locations.js; sourceTree = "<group>"; };
		CDD9996B21A9B2F6009536A0 /* LocationViewController.swift */ = {isa = PBXFileReference; lastKnownFileType = sourcecode.swift; path = LocationViewController.swift; sourceTree = "<group>"; };
		CDD9996D21A9B303009536A0 /* LocationViewModel.swift */ = {isa = PBXFileReference; lastKnownFileType = sourcecode.swift; path = LocationViewModel.swift; sourceTree = "<group>"; };
		CDD9996F21A9B401009536A0 /* LocationProtocol.swift */ = {isa = PBXFileReference; lastKnownFileType = sourcecode.swift; path = LocationProtocol.swift; sourceTree = "<group>"; };
		CDD9997121A9C861009536A0 /* CharactersViewModel.swift */ = {isa = PBXFileReference; lastKnownFileType = sourcecode.swift; path = CharactersViewModel.swift; sourceTree = "<group>"; };
		CDD9997321A9C883009536A0 /* CharactersProtocol.swift */ = {isa = PBXFileReference; lastKnownFileType = sourcecode.swift; path = CharactersProtocol.swift; sourceTree = "<group>"; };
/* End PBXFileReference section */

/* Begin PBXFrameworksBuildPhase section */
		CDD998FF21A931E1009536A0 /* Frameworks */ = {
			isa = PBXFrameworksBuildPhase;
			buildActionMask = 2147483647;
			files = (
			);
			runOnlyForDeploymentPostprocessing = 0;
		};
		CDD9992021A934BA009536A0 /* Frameworks */ = {
			isa = PBXFrameworksBuildPhase;
			buildActionMask = 2147483647;
			files = (
			);
			runOnlyForDeploymentPostprocessing = 0;
		};
/* End PBXFrameworksBuildPhase section */

/* Begin PBXGroup section */
		CD8CDE3721AA0D080019A44E /* Utilities */ = {
			isa = PBXGroup;
			children = (
				CD8CDE3521AA0CF70019A44E /* LocalStorageTests.swift */,
			);
			path = Utilities;
			sourceTree = "<group>";
		};
		CD8CDE3821AA0F220019A44E /* Network */ = {
			isa = PBXGroup;
			children = (
				CD8CDE3921AA0F500019A44E /* NetworkManagerTests.swift */,
			);
			path = Network;
			sourceTree = "<group>";
		};
		CDD998F921A931E1009536A0 = {
			isa = PBXGroup;
			children = (
				CDD9990421A931E1009536A0 /* rnm_challenge */,
				CDD9992421A934BA009536A0 /* rnm_challengeTests */,
				CDD9990321A931E1009536A0 /* Products */,
			);
			sourceTree = "<group>";
		};
		CDD9990321A931E1009536A0 /* Products */ = {
			isa = PBXGroup;
			children = (
				CDD9990221A931E1009536A0 /* rnm_challenge.app */,
				CDD9992321A934BA009536A0 /* rnm_challengeTests.xctest */,
			);
			name = Products;
			sourceTree = "<group>";
		};
		CDD9990421A931E1009536A0 /* rnm_challenge */ = {
			isa = PBXGroup;
			children = (
				CDD9995E21A99A42009536A0 /* NavigationManager.swift */,
				CDD9994521A950B6009536A0 /* Utilities */,
				CDD9994021A94834009536A0 /* Network */,
				CDD9993221A93533009536A0 /* Model */,
				CDD9995921A96924009536A0 /* Characters */,
				CDD9996921A9B2A8009536A0 /* CharacterDetails */,
				CDD9996A21A9B2B7009536A0 /* Location */,
				CDD9990521A931E1009536A0 /* AppDelegate.swift */,
				CDD9990721A931E1009536A0 /* RickAndMortyViewController.swift */,
				CDD9990921A931E1009536A0 /* FavoritesViewController.swift */,
				CDD9990B21A931E1009536A0 /* Main.storyboard */,
				CDD9990E21A931E1009536A0 /* Assets.xcassets */,
				CDD9991021A931E1009536A0 /* LaunchScreen.storyboard */,
				CDD9991321A931E1009536A0 /* Info.plist */,
			);
			path = rnm_challenge;
			sourceTree = "<group>";
		};
		CDD9991921A933EF009536A0 /* Cell */ = {
			isa = PBXGroup;
			children = (
				CDD9994D21A95ED0009536A0 /* CharacterProtocol.swift */,
				CDD9991B21A93423009536A0 /* CharacterTableViewCell.swift */,
				CDD9995721A9665A009536A0 /* CharacterTableViewCell.xib */,
				CDD9994B21A95E94009536A0 /* CharacterCellViewModel.swift */,
			);
			path = Cell;
			sourceTree = "<group>";
		};
		CDD9992421A934BA009536A0 /* rnm_challengeTests */ = {
			isa = PBXGroup;
			children = (
				CD8CDE3821AA0F220019A44E /* Network */,
				CD8CDE3721AA0D080019A44E /* Utilities */,
				CDD9993721A93B10009536A0 /* Model */,
				CDD9992D21A934BF009536A0 /* Mocks */,
				CDD9992521A934BA009536A0 /* rnm_challengeTests.swift */,
				CDD9992721A934BA009536A0 /* Info.plist */,
			);
			path = rnm_challengeTests;
			sourceTree = "<group>";
		};
		CDD9992D21A934BF009536A0 /* Mocks */ = {
			isa = PBXGroup;
			children = (
				CDD9992E21A934E1009536A0 /* characters.js */,
				CDD9993021A93512009536A0 /* character.js */,
				CDD9996621A9ACEE009536A0 /* locations.js */,
			);
			path = Mocks;
			sourceTree = "<group>";
		};
		CDD9993221A93533009536A0 /* Model */ = {
			isa = PBXGroup;
			children = (
				CDD9993321A93544009536A0 /* AnimatedCharacter.swift */,
				CDD9993521A93A16009536A0 /* Location.swift */,
				CDD9993A21A93E1A009536A0 /* NetworkObject.swift */,
				CDD9993C21A94171009536A0 /* Info.swift */,
				CDD9993E21A942CD009536A0 /* Err.swift */,
			);
			path = Model;
			sourceTree = "<group>";
		};
		CDD9993721A93B10009536A0 /* Model */ = {
			isa = PBXGroup;
			children = (
				CDD9993821A93B24009536A0 /* AnimatedCharacterTests.swift */,
				CDD9996421A9ACCA009536A0 /* LocationTests.swift */,
			);
			path = Model;
			sourceTree = "<group>";
		};
		CDD9994021A94834009536A0 /* Network */ = {
			isa = PBXGroup;
			children = (
				CDD9994121A94845009536A0 /* UrlConstants.swift */,
				CDD9994321A94C9A009536A0 /* NetworkManager.swift */,
			);
			path = Network;
			sourceTree = "<group>";
		};
		CDD9994521A950B6009536A0 /* Utilities */ = {
			isa = PBXGroup;
			children = (
				CDD9994621A950D5009536A0 /* UIImageView.swift */,
				CDD9995321A964C0009536A0 /* UITableView.swift */,
				CD8CDE3121A9F1680019A44E /* LocalStorage.swift */,
			);
			path = Utilities;
			sourceTree = "<group>";
		};
		CDD9995921A96924009536A0 /* Characters */ = {
			isa = PBXGroup;
			children = (
				CDD9991921A933EF009536A0 /* Cell */,
				CDD9997321A9C883009536A0 /* CharactersProtocol.swift */,
				CDD9997121A9C861009536A0 /* CharactersViewModel.swift */,
				CDD9994921A95471009536A0 /* CharactersTableViewController.swift */,
			);
			path = Characters;
			sourceTree = "<group>";
		};
		CDD9996921A9B2A8009536A0 /* CharacterDetails */ = {
			isa = PBXGroup;
			children = (
				CDD9995C21A99817009536A0 /* CharacterViewController.swift */,
				CDD9996221A9A00B009536A0 /* CharacterViewModel.swift */,
			);
			path = CharacterDetails;
			sourceTree = "<group>";
		};
		CDD9996A21A9B2B7009536A0 /* Location */ = {
			isa = PBXGroup;
			children = (
				CDD9996F21A9B401009536A0 /* LocationProtocol.swift */,
				CDD9996B21A9B2F6009536A0 /* LocationViewController.swift */,
				CDD9996D21A9B303009536A0 /* LocationViewModel.swift */,
			);
			path = Location;
			sourceTree = "<group>";
		};
/* End PBXGroup section */

/* Begin PBXNativeTarget section */
		CDD9990121A931E1009536A0 /* rnm_challenge */ = {
			isa = PBXNativeTarget;
			buildConfigurationList = CDD9991621A931E1009536A0 /* Build configuration list for PBXNativeTarget "rnm_challenge" */;
			buildPhases = (
				CDD998FE21A931E1009536A0 /* Sources */,
				CDD998FF21A931E1009536A0 /* Frameworks */,
				CDD9990021A931E1009536A0 /* Resources */,
			);
			buildRules = (
			);
			dependencies = (
			);
			name = rnm_challenge;
			productName = rnm_challenge;
			productReference = CDD9990221A931E1009536A0 /* rnm_challenge.app */;
			productType = "com.apple.product-type.application";
		};
		CDD9992221A934BA009536A0 /* rnm_challengeTests */ = {
			isa = PBXNativeTarget;
			buildConfigurationList = CDD9992A21A934BA009536A0 /* Build configuration list for PBXNativeTarget "rnm_challengeTests" */;
			buildPhases = (
				CDD9991F21A934BA009536A0 /* Sources */,
				CDD9992021A934BA009536A0 /* Frameworks */,
				CDD9992121A934BA009536A0 /* Resources */,
			);
			buildRules = (
			);
			dependencies = (
				CDD9992921A934BA009536A0 /* PBXTargetDependency */,
			);
			name = rnm_challengeTests;
			productName = rnm_challengeTests;
			productReference = CDD9992321A934BA009536A0 /* rnm_challengeTests.xctest */;
			productType = "com.apple.product-type.bundle.unit-test";
		};
/* End PBXNativeTarget section */

/* Begin PBXProject section */
		CDD998FA21A931E1009536A0 /* Project object */ = {
			isa = PBXProject;
			attributes = {
				LastSwiftUpdateCheck = 1010;
				LastUpgradeCheck = 1010;
				ORGANIZATIONNAME = "rok cresnik";
				TargetAttributes = {
					CDD9990121A931E1009536A0 = {
						CreatedOnToolsVersion = 10.1;
					};
					CDD9992221A934BA009536A0 = {
						CreatedOnToolsVersion = 10.1;
						TestTargetID = CDD9990121A931E1009536A0;
					};
				};
			};
			buildConfigurationList = CDD998FD21A931E1009536A0 /* Build configuration list for PBXProject "rnm_challenge" */;
			compatibilityVersion = "Xcode 9.3";
			developmentRegion = en;
			hasScannedForEncodings = 0;
			knownRegions = (
				en,
				Base,
			);
			mainGroup = CDD998F921A931E1009536A0;
			productRefGroup = CDD9990321A931E1009536A0 /* Products */;
			projectDirPath = "";
			projectRoot = "";
			targets = (
				CDD9990121A931E1009536A0 /* rnm_challenge */,
				CDD9992221A934BA009536A0 /* rnm_challengeTests */,
			);
		};
/* End PBXProject section */

/* Begin PBXResourcesBuildPhase section */
		CDD9990021A931E1009536A0 /* Resources */ = {
			isa = PBXResourcesBuildPhase;
			buildActionMask = 2147483647;
			files = (
				CDD9991221A931E1009536A0 /* LaunchScreen.storyboard in Resources */,
				CDD9990F21A931E1009536A0 /* Assets.xcassets in Resources */,
				CDD9995821A9665A009536A0 /* CharacterTableViewCell.xib in Resources */,
				CDD9990D21A931E1009536A0 /* Main.storyboard in Resources */,
			);
			runOnlyForDeploymentPostprocessing = 0;
		};
		CDD9992121A934BA009536A0 /* Resources */ = {
			isa = PBXResourcesBuildPhase;
			buildActionMask = 2147483647;
			files = (
				CDD9996721A9ACEE009536A0 /* locations.js in Resources */,
				CDD9993121A93512009536A0 /* character.js in Resources */,
				CDD9992F21A934E1009536A0 /* characters.js in Resources */,
			);
			runOnlyForDeploymentPostprocessing = 0;
		};
/* End PBXResourcesBuildPhase section */

/* Begin PBXSourcesBuildPhase section */
		CDD998FE21A931E1009536A0 /* Sources */ = {
			isa = PBXSourcesBuildPhase;
			buildActionMask = 2147483647;
			files = (
				CDD9990A21A931E1009536A0 /* FavoritesViewController.swift in Sources */,
				CDD9995F21A99A42009536A0 /* NavigationManager.swift in Sources */,
				CDD9993D21A94171009536A0 /* Info.swift in Sources */,
				CDD9990621A931E1009536A0 /* AppDelegate.swift in Sources */,
				CDD9994E21A95ED0009536A0 /* CharacterProtocol.swift in Sources */,
				CDD9997021A9B401009536A0 /* LocationProtocol.swift in Sources */,
				CDD9993F21A942CD009536A0 /* Err.swift in Sources */,
				CDD9996321A9A00B009536A0 /* CharacterViewModel.swift in Sources */,
				CDD9996E21A9B303009536A0 /* LocationViewModel.swift in Sources */,
				CDD9995421A964C0009536A0 /* UITableView.swift in Sources */,
				CDD9994221A94845009536A0 /* UrlConstants.swift in Sources */,
				CDD9993B21A93E1A009536A0 /* NetworkObject.swift in Sources */,
				CDD9996C21A9B2F6009536A0 /* LocationViewController.swift in Sources */,
				CDD9993421A93544009536A0 /* AnimatedCharacter.swift in Sources */,
				CDD9997421A9C883009536A0 /* CharactersProtocol.swift in Sources */,
				CDD9990821A931E1009536A0 /* RickAndMortyViewController.swift in Sources */,
				CD8CDE3221A9F1680019A44E /* LocalStorage.swift in Sources */,
				CDD9994421A94C9A009536A0 /* NetworkManager.swift in Sources */,
				CDD9997221A9C861009536A0 /* CharactersViewModel.swift in Sources */,
				CDD9994721A950D5009536A0 /* UIImageView.swift in Sources */,
				CDD9994C21A95E94009536A0 /* CharacterCellViewModel.swift in Sources */,
				CDD9993621A93A16009536A0 /* Location.swift in Sources */,
				CDD9995D21A99817009536A0 /* CharacterViewController.swift in Sources */,
				CDD9991D21A93423009536A0 /* CharacterTableViewCell.swift in Sources */,
				CDD9994A21A95471009536A0 /* CharactersTableViewController.swift in Sources */,
			);
			runOnlyForDeploymentPostprocessing = 0;
		};
		CDD9991F21A934BA009536A0 /* Sources */ = {
			isa = PBXSourcesBuildPhase;
			buildActionMask = 2147483647;
			files = (
				CD8CDE3A21AA0F500019A44E /* NetworkManagerTests.swift in Sources */,
				CDD9992621A934BA009536A0 /* rnm_challengeTests.swift in Sources */,
				CD8CDE3621AA0CF70019A44E /* LocalStorageTests.swift in Sources */,
				CDD9996521A9ACCA009536A0 /* LocationTests.swift in Sources */,
				CDD9993921A93B24009536A0 /* AnimatedCharacterTests.swift in Sources */,
			);
			runOnlyForDeploymentPostprocessing = 0;
		};
/* End PBXSourcesBuildPhase section */

/* Begin PBXTargetDependency section */
		CDD9992921A934BA009536A0 /* PBXTargetDependency */ = {
			isa = PBXTargetDependency;
			target = CDD9990121A931E1009536A0 /* rnm_challenge */;
			targetProxy = CDD9992821A934BA009536A0 /* PBXContainerItemProxy */;
		};
/* End PBXTargetDependency section */

/* Begin PBXVariantGroup section */
		CDD9990B21A931E1009536A0 /* Main.storyboard */ = {
			isa = PBXVariantGroup;
			children = (
				CDD9990C21A931E1009536A0 /* Base */,
			);
			name = Main.storyboard;
			sourceTree = "<group>";
		};
		CDD9991021A931E1009536A0 /* LaunchScreen.storyboard */ = {
			isa = PBXVariantGroup;
			children = (
				CDD9991121A931E1009536A0 /* Base */,
			);
			name = LaunchScreen.storyboard;
			sourceTree = "<group>";
		};
/* End PBXVariantGroup section */

/* Begin XCBuildConfiguration section */
		CDD9991421A931E1009536A0 /* Debug */ = {
			isa = XCBuildConfiguration;
			buildSettings = {
				ALWAYS_SEARCH_USER_PATHS = NO;
				CLANG_ANALYZER_NONNULL = YES;
				CLANG_ANALYZER_NUMBER_OBJECT_CONVERSION = YES_AGGRESSIVE;
				CLANG_CXX_LANGUAGE_STANDARD = "gnu++14";
				CLANG_CXX_LIBRARY = "libc++";
				CLANG_ENABLE_MODULES = YES;
				CLANG_ENABLE_OBJC_ARC = YES;
				CLANG_ENABLE_OBJC_WEAK = YES;
				CLANG_WARN_BLOCK_CAPTURE_AUTORELEASING = YES;
				CLANG_WARN_BOOL_CONVERSION = YES;
				CLANG_WARN_COMMA = YES;
				CLANG_WARN_CONSTANT_CONVERSION = YES;
				CLANG_WARN_DEPRECATED_OBJC_IMPLEMENTATIONS = YES;
				CLANG_WARN_DIRECT_OBJC_ISA_USAGE = YES_ERROR;
				CLANG_WARN_DOCUMENTATION_COMMENTS = YES;
				CLANG_WARN_EMPTY_BODY = YES;
				CLANG_WARN_ENUM_CONVERSION = YES;
				CLANG_WARN_INFINITE_RECURSION = YES;
				CLANG_WARN_INT_CONVERSION = YES;
				CLANG_WARN_NON_LITERAL_NULL_CONVERSION = YES;
				CLANG_WARN_OBJC_IMPLICIT_RETAIN_SELF = YES;
				CLANG_WARN_OBJC_LITERAL_CONVERSION = YES;
				CLANG_WARN_OBJC_ROOT_CLASS = YES_ERROR;
				CLANG_WARN_RANGE_LOOP_ANALYSIS = YES;
				CLANG_WARN_STRICT_PROTOTYPES = YES;
				CLANG_WARN_SUSPICIOUS_MOVE = YES;
				CLANG_WARN_UNGUARDED_AVAILABILITY = YES_AGGRESSIVE;
				CLANG_WARN_UNREACHABLE_CODE = YES;
				CLANG_WARN__DUPLICATE_METHOD_MATCH = YES;
				CODE_SIGN_IDENTITY = "iPhone Developer";
				COPY_PHASE_STRIP = NO;
				DEBUG_INFORMATION_FORMAT = dwarf;
				ENABLE_STRICT_OBJC_MSGSEND = YES;
				ENABLE_TESTABILITY = YES;
				GCC_C_LANGUAGE_STANDARD = gnu11;
				GCC_DYNAMIC_NO_PIC = NO;
				GCC_NO_COMMON_BLOCKS = YES;
				GCC_OPTIMIZATION_LEVEL = 0;
				GCC_PREPROCESSOR_DEFINITIONS = (
					"DEBUG=1",
					"$(inherited)",
				);
				GCC_WARN_64_TO_32_BIT_CONVERSION = YES;
				GCC_WARN_ABOUT_RETURN_TYPE = YES_ERROR;
				GCC_WARN_UNDECLARED_SELECTOR = YES;
				GCC_WARN_UNINITIALIZED_AUTOS = YES_AGGRESSIVE;
				GCC_WARN_UNUSED_FUNCTION = YES;
				GCC_WARN_UNUSED_VARIABLE = YES;
				IPHONEOS_DEPLOYMENT_TARGET = 12.1;
				MTL_ENABLE_DEBUG_INFO = INCLUDE_SOURCE;
				MTL_FAST_MATH = YES;
				ONLY_ACTIVE_ARCH = YES;
				SDKROOT = iphoneos;
				SWIFT_ACTIVE_COMPILATION_CONDITIONS = DEBUG;
				SWIFT_OPTIMIZATION_LEVEL = "-Onone";
			};
			name = Debug;
		};
		CDD9991521A931E1009536A0 /* Release */ = {
			isa = XCBuildConfiguration;
			buildSettings = {
				ALWAYS_SEARCH_USER_PATHS = NO;
				CLANG_ANALYZER_NONNULL = YES;
				CLANG_ANALYZER_NUMBER_OBJECT_CONVERSION = YES_AGGRESSIVE;
				CLANG_CXX_LANGUAGE_STANDARD = "gnu++14";
				CLANG_CXX_LIBRARY = "libc++";
				CLANG_ENABLE_MODULES = YES;
				CLANG_ENABLE_OBJC_ARC = YES;
				CLANG_ENABLE_OBJC_WEAK = YES;
				CLANG_WARN_BLOCK_CAPTURE_AUTORELEASING = YES;
				CLANG_WARN_BOOL_CONVERSION = YES;
				CLANG_WARN_COMMA = YES;
				CLANG_WARN_CONSTANT_CONVERSION = YES;
				CLANG_WARN_DEPRECATED_OBJC_IMPLEMENTATIONS = YES;
				CLANG_WARN_DIRECT_OBJC_ISA_USAGE = YES_ERROR;
				CLANG_WARN_DOCUMENTATION_COMMENTS = YES;
				CLANG_WARN_EMPTY_BODY = YES;
				CLANG_WARN_ENUM_CONVERSION = YES;
				CLANG_WARN_INFINITE_RECURSION = YES;
				CLANG_WARN_INT_CONVERSION = YES;
				CLANG_WARN_NON_LITERAL_NULL_CONVERSION = YES;
				CLANG_WARN_OBJC_IMPLICIT_RETAIN_SELF = YES;
				CLANG_WARN_OBJC_LITERAL_CONVERSION = YES;
				CLANG_WARN_OBJC_ROOT_CLASS = YES_ERROR;
				CLANG_WARN_RANGE_LOOP_ANALYSIS = YES;
				CLANG_WARN_STRICT_PROTOTYPES = YES;
				CLANG_WARN_SUSPICIOUS_MOVE = YES;
				CLANG_WARN_UNGUARDED_AVAILABILITY = YES_AGGRESSIVE;
				CLANG_WARN_UNREACHABLE_CODE = YES;
				CLANG_WARN__DUPLICATE_METHOD_MATCH = YES;
				CODE_SIGN_IDENTITY = "iPhone Developer";
				COPY_PHASE_STRIP = NO;
				DEBUG_INFORMATION_FORMAT = "dwarf-with-dsym";
				ENABLE_NS_ASSERTIONS = NO;
				ENABLE_STRICT_OBJC_MSGSEND = YES;
				GCC_C_LANGUAGE_STANDARD = gnu11;
				GCC_NO_COMMON_BLOCKS = YES;
				GCC_WARN_64_TO_32_BIT_CONVERSION = YES;
				GCC_WARN_ABOUT_RETURN_TYPE = YES_ERROR;
				GCC_WARN_UNDECLARED_SELECTOR = YES;
				GCC_WARN_UNINITIALIZED_AUTOS = YES_AGGRESSIVE;
				GCC_WARN_UNUSED_FUNCTION = YES;
				GCC_WARN_UNUSED_VARIABLE = YES;
				IPHONEOS_DEPLOYMENT_TARGET = 12.1;
				MTL_ENABLE_DEBUG_INFO = NO;
				MTL_FAST_MATH = YES;
				SDKROOT = iphoneos;
				SWIFT_COMPILATION_MODE = wholemodule;
				SWIFT_OPTIMIZATION_LEVEL = "-O";
				VALIDATE_PRODUCT = YES;
			};
			name = Release;
		};
		CDD9991721A931E1009536A0 /* Debug */ = {
			isa = XCBuildConfiguration;
			buildSettings = {
				ASSETCATALOG_COMPILER_APPICON_NAME = AppIcon;
				CODE_SIGN_STYLE = Automatic;
				DEVELOPMENT_TEAM = RYF66PLFSQ;
				INFOPLIST_FILE = rnm_challenge/Info.plist;
				LD_RUNPATH_SEARCH_PATHS = (
					"$(inherited)",
					"@executable_path/Frameworks",
				);
				PRODUCT_BUNDLE_IDENTIFIER = "com.cresnik.rnm-challenge";
				PRODUCT_NAME = "$(TARGET_NAME)";
				SWIFT_VERSION = 4.2;
				TARGETED_DEVICE_FAMILY = "1,2";
			};
			name = Debug;
		};
		CDD9991821A931E1009536A0 /* Release */ = {
			isa = XCBuildConfiguration;
			buildSettings = {
				ASSETCATALOG_COMPILER_APPICON_NAME = AppIcon;
				CODE_SIGN_STYLE = Automatic;
				DEVELOPMENT_TEAM = RYF66PLFSQ;
				INFOPLIST_FILE = rnm_challenge/Info.plist;
				LD_RUNPATH_SEARCH_PATHS = (
					"$(inherited)",
					"@executable_path/Frameworks",
				);
				PRODUCT_BUNDLE_IDENTIFIER = "com.cresnik.rnm-challenge";
				PRODUCT_NAME = "$(TARGET_NAME)";
				SWIFT_VERSION = 4.2;
				TARGETED_DEVICE_FAMILY = "1,2";
			};
			name = Release;
		};
		CDD9992B21A934BA009536A0 /* Debug */ = {
			isa = XCBuildConfiguration;
			buildSettings = {
				BUNDLE_LOADER = "$(TEST_HOST)";
				CODE_SIGN_STYLE = Automatic;
				DEVELOPMENT_TEAM = RYF66PLFSQ;
				INFOPLIST_FILE = rnm_challengeTests/Info.plist;
				LD_RUNPATH_SEARCH_PATHS = (
					"$(inherited)",
					"@executable_path/Frameworks",
					"@loader_path/Frameworks",
				);
				PRODUCT_BUNDLE_IDENTIFIER = "com.cresnik.rnm-challengeTests";
				PRODUCT_NAME = "$(TARGET_NAME)";
				SWIFT_VERSION = 4.2;
				TARGETED_DEVICE_FAMILY = "1,2";
				TEST_HOST = "$(BUILT_PRODUCTS_DIR)/rnm_challenge.app/rnm_challenge";
			};
			name = Debug;
		};
		CDD9992C21A934BA009536A0 /* Release */ = {
			isa = XCBuildConfiguration;
			buildSettings = {
				BUNDLE_LOADER = "$(TEST_HOST)";
				CODE_SIGN_STYLE = Automatic;
				DEVELOPMENT_TEAM = RYF66PLFSQ;
				INFOPLIST_FILE = rnm_challengeTests/Info.plist;
				LD_RUNPATH_SEARCH_PATHS = (
					"$(inherited)",
					"@executable_path/Frameworks",
					"@loader_path/Frameworks",
				);
				PRODUCT_BUNDLE_IDENTIFIER = "com.cresnik.rnm-challengeTests";
				PRODUCT_NAME = "$(TARGET_NAME)";
				SWIFT_VERSION = 4.2;
				TARGETED_DEVICE_FAMILY = "1,2";
				TEST_HOST = "$(BUILT_PRODUCTS_DIR)/rnm_challenge.app/rnm_challenge";
			};
			name = Release;
		};
/* End XCBuildConfiguration section */

/* Begin XCConfigurationList section */
		CDD998FD21A931E1009536A0 /* Build configuration list for PBXProject "rnm_challenge" */ = {
			isa = XCConfigurationList;
			buildConfigurations = (
				CDD9991421A931E1009536A0 /* Debug */,
				CDD9991521A931E1009536A0 /* Release */,
			);
			defaultConfigurationIsVisible = 0;
			defaultConfigurationName = Release;
		};
		CDD9991621A931E1009536A0 /* Build configuration list for PBXNativeTarget "rnm_challenge" */ = {
			isa = XCConfigurationList;
			buildConfigurations = (
				CDD9991721A931E1009536A0 /* Debug */,
				CDD9991821A931E1009536A0 /* Release */,
			);
			defaultConfigurationIsVisible = 0;
			defaultConfigurationName = Release;
		};
		CDD9992A21A934BA009536A0 /* Build configuration list for PBXNativeTarget "rnm_challengeTests" */ = {
			isa = XCConfigurationList;
			buildConfigurations = (
				CDD9992B21A934BA009536A0 /* Debug */,
				CDD9992C21A934BA009536A0 /* Release */,
			);
			defaultConfigurationIsVisible = 0;
			defaultConfigurationName = Release;
		};
/* End XCConfigurationList section */
	};
	rootObject = CDD998FA21A931E1009536A0 /* Project object */;
}
